
Microsoft Visual Studio Solution File, Format Version 12.00
# Visual Studio Version 17
VisualStudioVersion = 17.7.34202.233
MinimumVisualStudioVersion = 10.0.40219.1
Project("{8BC9CEB8-8B4A-11D0-8D11-00A0C91BC942}") = "C++ Практическая работа № 5", "C++ Практическая работа № 5\C++ Практическая работа № 5.vcxproj", "{326CF0B7-1B6C-49BF-AA16-F65A5D7B9949}"
EndProject
Global
	GlobalSection(SolutionConfigurationPlatforms) = preSolution
		Debug|x64 = Debug|x64
		Debug|x86 = Debug|x86
		Release|x64 = Release|x64
		Release|x86 = Release|x86
	EndGlobalSection
	GlobalSection(ProjectConfigurationPlatforms) = postSolution
		{326CF0B7-1B6C-49BF-AA16-F65A5D7B9949}.Debug|x64.ActiveCfg = Debug|x64
		{326CF0B7-1B6C-49BF-AA16-F65A5D7B9949}.Debug|x64.Build.0 = Debug|x64
		{326CF0B7-1B6C-49BF-AA16-F65A5D7B9949}.Debug|x86.ActiveCfg = Debug|Win32
		{326CF0B7-1B6C-49BF-AA16-F65A5D7B9949}.Debug|x86.Build.0 = Debug|Win32
		{326CF0B7-1B6C-49BF-AA16-F65A5D7B9949}.Release|x64.ActiveCfg = Release|x64
		{326CF0B7-1B6C-49BF-AA16-F65A5D7B9949}.Release|x64.Build.0 = Release|x64
		{326CF0B7-1B6C-49BF-AA16-F65A5D7B9949}.Release|x86.ActiveCfg = Release|Win32
		{326CF0B7-1B6C-49BF-AA16-F65A5D7B9949}.Release|x86.Build.0 = Release|Win32
	EndGlobalSection
	GlobalSection(SolutionProperties) = preSolution
		HideSolutionNode = FALSE
	EndGlobalSection
	GlobalSection(ExtensibilityGlobals) = postSolution
		SolutionGuid = {053D2B6A-FFC0-4535-B2F2-8CB94EB7177E}
	EndGlobalSection
EndGlobal
